
Microsoft Visual Studio Solution File, Format Version 12.00
# Visual Studio Version 16
VisualStudioVersion = 16.0.32106.194
MinimumVisualStudioVersion = 10.0.40219.1
Project("{FAE04EC0-301F-11D3-BF4B-00C04F79EFBC}") = "POST_AOF_AWS_IMAGENES", "POST_AOF_AWS_IMAGENES\POST_AOF_AWS_IMAGENES.csproj", "{89FA9B4A-9F9E-430D-8F6D-FE186F4FCAC2}"
EndProject
Global
	GlobalSection(SolutionConfigurationPlatforms) = preSolution
		Debug|Any CPU = Debug|Any CPU
		Release|Any CPU = Release|Any CPU
	EndGlobalSection
	GlobalSection(ProjectConfigurationPlatforms) = postSolution
		{89FA9B4A-9F9E-430D-8F6D-FE186F4FCAC2}.Debug|Any CPU.ActiveCfg = Debug|Any CPU
		{89FA9B4A-9F9E-430D-8F6D-FE186F4FCAC2}.Debug|Any CPU.Build.0 = Debug|Any CPU
		{89FA9B4A-9F9E-430D-8F6D-FE186F4FCAC2}.Release|Any CPU.ActiveCfg = Release|Any CPU
		{89FA9B4A-9F9E-430D-8F6D-FE186F4FCAC2}.Release|Any CPU.Build.0 = Release|Any CPU
	EndGlobalSection
	GlobalSection(SolutionProperties) = preSolution
		HideSolutionNode = FALSE
	EndGlobalSection
	GlobalSection(ExtensibilityGlobals) = postSolution
		SolutionGuid = {C1CE69EF-3215-4971-AE95-08090A0E3724}
	EndGlobalSection
EndGlobal
